{
  "version": 4,
  "terraform_version": "1.3.6",
  "serial": 12,
  "lineage": "c0b0b782-5d13-7ae8-2c27-17e627c20681",
  "outputs": {
    "droplet_ip": {
      "value": "159.203.191.1",
      "type": "string"
    },
    "droplet_outfirewall": {
      "value": {
        "created_at": "2023-01-16T17:58:33Z",
        "droplet_ids": [
          336068624
        ],
        "id": "6bd0aa0a-8fd2-4af5-91e5-24edc9626e14",
        "inbound_rule": [
          {
            "port_range": "22",
            "protocol": "tcp",
            "source_addresses": [
              "0.0.0.0/0",
              "::/0"
            ],
            "source_droplet_ids": [],
            "source_kubernetes_ids": [],
            "source_load_balancer_uids": [],
            "source_tags": []
          },
          {
            "port_range": "80",
            "protocol": "tcp",
            "source_addresses": [
              "0.0.0.0/0",
              "::/0"
            ],
            "source_droplet_ids": [],
            "source_kubernetes_ids": [],
            "source_load_balancer_uids": [],
            "source_tags": []
          }
        ],
        "name": "firewallprojDO",
        "outbound_rule": [
          {
            "destination_addresses": [
              "0.0.0.0/0",
              "::/0"
            ],
            "destination_droplet_ids": [],
            "destination_kubernetes_ids": [],
            "destination_load_balancer_uids": [],
            "destination_tags": [],
            "port_range": "22",
            "protocol": "tcp"
          },
          {
            "destination_addresses": [
              "0.0.0.0/0",
              "::/0"
            ],
            "destination_droplet_ids": [],
            "destination_kubernetes_ids": [],
            "destination_load_balancer_uids": [],
            "destination_tags": [],
            "port_range": "80",
            "protocol": "tcp"
          }
        ],
        "pending_changes": [],
        "status": "succeeded",
        "tags": []
      },
      "type": [
        "object",
        {
          "created_at": "string",
          "droplet_ids": [
            "set",
            "number"
          ],
          "id": "string",
          "inbound_rule": [
            "set",
            [
              "object",
              {
                "port_range": "string",
                "protocol": "string",
                "source_addresses": [
                  "set",
                  "string"
                ],
                "source_droplet_ids": [
                  "set",
                  "number"
                ],
                "source_kubernetes_ids": [
                  "set",
                  "string"
                ],
                "source_load_balancer_uids": [
                  "set",
                  "string"
                ],
                "source_tags": [
                  "set",
                  "string"
                ]
              }
            ]
          ],
          "name": "string",
          "outbound_rule": [
            "set",
            [
              "object",
              {
                "destination_addresses": [
                  "set",
                  "string"
                ],
                "destination_droplet_ids": [
                  "set",
                  "number"
                ],
                "destination_kubernetes_ids": [
                  "set",
                  "string"
                ],
                "destination_load_balancer_uids": [
                  "set",
                  "string"
                ],
                "destination_tags": [
                  "set",
                  "string"
                ],
                "port_range": "string",
                "protocol": "string"
              }
            ]
          ],
          "pending_changes": [
            "list",
            [
              "object",
              {
                "droplet_id": "number",
                "removing": "bool",
                "status": "string"
              }
            ]
          ],
          "status": "string",
          "tags": [
            "set",
            "string"
          ]
        }
      ]
    }
  },
  "resources": [
    {
      "mode": "data",
      "type": "digitalocean_ssh_key",
      "name": "sshprojDO",
      "provider": "provider[\"registry.terraform.io/digitalocean/digitalocean\"]",
      "instances": [
        {
          "schema_version": 0,
          "attributes": {
            "fingerprint": "94:a3:be:45:e5:a7:79:26:3a:1e:3f:31:ed:51:34:73",
            "id": 37264720,
            "name": "aula-terraform",
            "public_key": "ssh-rsa AAAAB3NzaC1yc2EAAAADAQABAAABAQC37n3rtpci1qd3l6z2bDi6cS6KIRa8sO7BIeUFzH9C1PKaqUdM62tBOranTi03XtQ97s2LGyAAgHHFAxggIG77GiekAV8AHX9llScIXRSDiA7/EjGtjISgRqcBmaQgj51shW7iGwnomJQWA/VjLVXEbpeiJwV5ytCYhCMfLV0scJiJAKnIsDzXeUvcpsOajP4xO0bylQCtixwkJEyeqKa4Naon6CTpbotNGjbBCjukrxPwkL6E97cL5tT0udfvSlOyDYN3zgAjtBMU/sj49D6gpfwUJPSF8zTK938aukjM6ZNoIbHz2aDGnt63kPDYxsDlM4G8KSOAO+gWZ/Waks2t flavio@devopspro"
          },
          "sensitive_attributes": []
        }
      ]
    },
    {
      "mode": "managed",
      "type": "digitalocean_droplet",
      "name": "projetoDO",
      "provider": "provider[\"registry.terraform.io/digitalocean/digitalocean\"]",
      "instances": [
        {
          "schema_version": 1,
          "attributes": {
            "backups": false,
            "created_at": "2023-01-16T15:49:50Z",
            "disk": 50,
            "droplet_agent": null,
            "graceful_shutdown": false,
            "id": "336068624",
            "image": "centos-stream-8-x64",
            "ipv4_address": "159.203.191.1",
            "ipv4_address_private": "10.116.0.2",
            "ipv6": false,
            "ipv6_address": "",
            "locked": false,
            "memory": 2048,
            "monitoring": false,
            "name": "vm-main-projDO",
            "price_hourly": 0.01786,
            "price_monthly": 12,
            "private_networking": true,
            "region": "nyc1",
            "resize_disk": true,
            "size": "s-1vcpu-2gb",
            "ssh_keys": [
              "37264720"
            ],
            "status": "active",
            "tags": [],
            "timeouts": null,
            "urn": "do:droplet:336068624",
            "user_data": null,
            "vcpus": 1,
            "volume_ids": [],
            "vpc_uuid": "38e2f6ff-cc30-48ff-9147-9021958c81f1"
          },
          "sensitive_attributes": [],
          "private": "eyJlMmJmYjczMC1lY2FhLTExZTYtOGY4OC0zNDM2M2JjN2M0YzAiOnsiY3JlYXRlIjozNjAwMDAwMDAwMDAwLCJkZWxldGUiOjYwMDAwMDAwMDAwLCJ1cGRhdGUiOjM2MDAwMDAwMDAwMDB9LCJzY2hlbWFfdmVyc2lvbiI6IjEifQ==",
          "dependencies": [
            "data.digitalocean_ssh_key.sshprojDO"
          ]
        }
      ]
    },
    {
      "mode": "managed",
      "type": "digitalocean_firewall",
      "name": "firewallprojDO",
      "provider": "provider[\"registry.terraform.io/digitalocean/digitalocean\"]",
      "instances": [
        {
          "schema_version": 0,
          "attributes": {
            "created_at": "2023-01-16T17:58:33Z",
            "droplet_ids": [
              336068624
            ],
            "id": "6bd0aa0a-8fd2-4af5-91e5-24edc9626e14",
            "inbound_rule": [
              {
                "port_range": "22",
                "protocol": "tcp",
                "source_addresses": [
                  "0.0.0.0/0",
                  "::/0"
                ],
                "source_droplet_ids": [],
                "source_kubernetes_ids": [],
                "source_load_balancer_uids": [],
                "source_tags": []
              },
              {
                "port_range": "80",
                "protocol": "tcp",
                "source_addresses": [
                  "0.0.0.0/0",
                  "::/0"
                ],
                "source_droplet_ids": [],
                "source_kubernetes_ids": [],
                "source_load_balancer_uids": [],
                "source_tags": []
              }
            ],
            "name": "firewallprojDO",
            "outbound_rule": [
              {
                "destination_addresses": [
                  "0.0.0.0/0",
                  "::/0"
                ],
                "destination_droplet_ids": [],
                "destination_kubernetes_ids": [],
                "destination_load_balancer_uids": [],
                "destination_tags": [],
                "port_range": "22",
                "protocol": "tcp"
              },
              {
                "destination_addresses": [
                  "0.0.0.0/0",
                  "::/0"
                ],
                "destination_droplet_ids": [],
                "destination_kubernetes_ids": [],
                "destination_load_balancer_uids": [],
                "destination_tags": [],
                "port_range": "80",
                "protocol": "tcp"
              }
            ],
            "pending_changes": [],
            "status": "succeeded",
            "tags": []
          },
          "sensitive_attributes": [],
          "private": "bnVsbA==",
          "dependencies": [
            "data.digitalocean_ssh_key.sshprojDO",
            "digitalocean_droplet.projetoDO"
          ]
        }
      ]
    }
  ],
  "check_results": null
}
